
Microsoft Visual Studio Solution File, Format Version 12.00
# Visual Studio 15
VisualStudioVersion = 15.0.26730.12
MinimumVisualStudioVersion = 10.0.40219.1
Project("{FAE04EC0-301F-11D3-BF4B-00C04F79EFBC}") = "Server2", "Server2\Server2.csproj", "{14FBA19A-85A4-40C2-96F9-164CA2719251}"
EndProject
Global
	GlobalSection(SolutionConfigurationPlatforms) = preSolution
		Debug|Any CPU = Debug|Any CPU
		Release|Any CPU = Release|Any CPU
	EndGlobalSection
	GlobalSection(ProjectConfigurationPlatforms) = postSolution
		{14FBA19A-85A4-40C2-96F9-164CA2719251}.Debug|Any CPU.ActiveCfg = Debug|Any CPU
		{14FBA19A-85A4-40C2-96F9-164CA2719251}.Debug|Any CPU.Build.0 = Debug|Any CPU
		{14FBA19A-85A4-40C2-96F9-164CA2719251}.Release|Any CPU.ActiveCfg = Release|Any CPU
		{14FBA19A-85A4-40C2-96F9-164CA2719251}.Release|Any CPU.Build.0 = Release|Any CPU
	EndGlobalSection
	GlobalSection(SolutionProperties) = preSolution
		HideSolutionNode = FALSE
	EndGlobalSection
	GlobalSection(ExtensibilityGlobals) = postSolution
		SolutionGuid = {A9410835-D326-4898-BC80-21D6FE2978B8}
	EndGlobalSection
EndGlobal
